
Microsoft Visual Studio Solution File, Format Version 12.00
# Visual Studio Version 16
VisualStudioVersion = 16.0.29418.71
MinimumVisualStudioVersion = 10.0.40219.1
Project("{FAE04EC0-301F-11D3-BF4B-00C04F79EFBC}") = "Keytar.Core", "Keytar.Core\Keytar.Core.csproj", "{F5C493FA-5704-4E01-B0FE-433976D5A18A}"
EndProject
Project("{8BC9CEB8-8B4A-11D0-8D11-00A0C91BC942}") = "Keytar.Api", "Keytar.Api\Keytar.Api.vcxproj", "{F6269F15-F6B6-4368-985F-B7F3C926C3C6}"
EndProject
Project("{FAE04EC0-301F-11D3-BF4B-00C04F79EFBC}") = "Keytar.Test", "Keytar.Test\Keytar.Test.csproj", "{05583881-491F-4FE0-A589-1AF0E62B3EDC}"
EndProject
Global
	GlobalSection(SolutionConfigurationPlatforms) = preSolution
		Debug|Any CPU = Debug|Any CPU
		Debug|x64 = Debug|x64
		Debug|x86 = Debug|x86
		Release|Any CPU = Release|Any CPU
		Release|x64 = Release|x64
		Release|x86 = Release|x86
	EndGlobalSection
	GlobalSection(ProjectConfigurationPlatforms) = postSolution
		{F5C493FA-5704-4E01-B0FE-433976D5A18A}.Debug|Any CPU.ActiveCfg = Debug|Any CPU
		{F5C493FA-5704-4E01-B0FE-433976D5A18A}.Debug|Any CPU.Build.0 = Debug|Any CPU
		{F5C493FA-5704-4E01-B0FE-433976D5A18A}.Debug|x64.ActiveCfg = Debug|Any CPU
		{F5C493FA-5704-4E01-B0FE-433976D5A18A}.Debug|x64.Build.0 = Debug|Any CPU
		{F5C493FA-5704-4E01-B0FE-433976D5A18A}.Debug|x86.ActiveCfg = Debug|Any CPU
		{F5C493FA-5704-4E01-B0FE-433976D5A18A}.Debug|x86.Build.0 = Debug|Any CPU
		{F5C493FA-5704-4E01-B0FE-433976D5A18A}.Release|Any CPU.ActiveCfg = Release|Any CPU
		{F5C493FA-5704-4E01-B0FE-433976D5A18A}.Release|Any CPU.Build.0 = Release|Any CPU
		{F5C493FA-5704-4E01-B0FE-433976D5A18A}.Release|x64.ActiveCfg = Release|Any CPU
		{F5C493FA-5704-4E01-B0FE-433976D5A18A}.Release|x64.Build.0 = Release|Any CPU
		{F5C493FA-5704-4E01-B0FE-433976D5A18A}.Release|x86.ActiveCfg = Release|Any CPU
		{F5C493FA-5704-4E01-B0FE-433976D5A18A}.Release|x86.Build.0 = Release|Any CPU
		{F6269F15-F6B6-4368-985F-B7F3C926C3C6}.Debug|Any CPU.ActiveCfg = Debug|Win32
		{F6269F15-F6B6-4368-985F-B7F3C926C3C6}.Debug|x64.ActiveCfg = Debug|x64
		{F6269F15-F6B6-4368-985F-B7F3C926C3C6}.Debug|x64.Build.0 = Debug|x64
		{F6269F15-F6B6-4368-985F-B7F3C926C3C6}.Debug|x86.ActiveCfg = Debug|Win32
		{F6269F15-F6B6-4368-985F-B7F3C926C3C6}.Debug|x86.Build.0 = Debug|Win32
		{F6269F15-F6B6-4368-985F-B7F3C926C3C6}.Release|Any CPU.ActiveCfg = Release|Win32
		{F6269F15-F6B6-4368-985F-B7F3C926C3C6}.Release|x64.ActiveCfg = Release|x64
		{F6269F15-F6B6-4368-985F-B7F3C926C3C6}.Release|x64.Build.0 = Release|x64
		{F6269F15-F6B6-4368-985F-B7F3C926C3C6}.Release|x86.ActiveCfg = Release|Win32
		{F6269F15-F6B6-4368-985F-B7F3C926C3C6}.Release|x86.Build.0 = Release|Win32
		{05583881-491F-4FE0-A589-1AF0E62B3EDC}.Debug|Any CPU.ActiveCfg = Debug|Any CPU
		{05583881-491F-4FE0-A589-1AF0E62B3EDC}.Debug|Any CPU.Build.0 = Debug|Any CPU
		{05583881-491F-4FE0-A589-1AF0E62B3EDC}.Debug|x64.ActiveCfg = Debug|Any CPU
		{05583881-491F-4FE0-A589-1AF0E62B3EDC}.Debug|x64.Build.0 = Debug|Any CPU
		{05583881-491F-4FE0-A589-1AF0E62B3EDC}.Debug|x86.ActiveCfg = Debug|Any CPU
		{05583881-491F-4FE0-A589-1AF0E62B3EDC}.Debug|x86.Build.0 = Debug|Any CPU
		{05583881-491F-4FE0-A589-1AF0E62B3EDC}.Release|Any CPU.ActiveCfg = Release|Any CPU
		{05583881-491F-4FE0-A589-1AF0E62B3EDC}.Release|Any CPU.Build.0 = Release|Any CPU
		{05583881-491F-4FE0-A589-1AF0E62B3EDC}.Release|x64.ActiveCfg = Release|Any CPU
		{05583881-491F-4FE0-A589-1AF0E62B3EDC}.Release|x64.Build.0 = Release|Any CPU
		{05583881-491F-4FE0-A589-1AF0E62B3EDC}.Release|x86.ActiveCfg = Release|Any CPU
		{05583881-491F-4FE0-A589-1AF0E62B3EDC}.Release|x86.Build.0 = Release|Any CPU
	EndGlobalSection
	GlobalSection(SolutionProperties) = preSolution
		HideSolutionNode = FALSE
	EndGlobalSection
	GlobalSection(ExtensibilityGlobals) = postSolution
		SolutionGuid = {E6E28C63-4CA9-4551-9358-E7FFC221CECC}
	EndGlobalSection
EndGlobal
